
Microsoft Visual Studio Solution File, Format Version 12.00
# Visual Studio Version 17
VisualStudioVersion = 17.2.32616.157
MinimumVisualStudioVersion = 10.0.40219.1
Project("{9A19103F-16F7-4668-BE54-9A1E7A4F7556}") = "MotoEgzaminM2", "MotoEgzaminM2\MotoEgzaminM2.csproj", "{DDA44F55-25C0-47BE-8B17-2EC773E44634}"
EndProject
Project("{9A19103F-16F7-4668-BE54-9A1E7A4F7556}") = "MotoEgzaminM2.Data", "MotoEgzaminM2.Data\MotoEgzaminM2.Data.csproj", "{EBE3658C-9A9A-4C70-8D5B-76189C01A960}"
EndProject
Global
	GlobalSection(SolutionConfigurationPlatforms) = preSolution
		Debug|Any CPU = Debug|Any CPU
		Release|Any CPU = Release|Any CPU
	EndGlobalSection
	GlobalSection(ProjectConfigurationPlatforms) = postSolution
		{DDA44F55-25C0-47BE-8B17-2EC773E44634}.Debug|Any CPU.ActiveCfg = Debug|Any CPU
		{DDA44F55-25C0-47BE-8B17-2EC773E44634}.Debug|Any CPU.Build.0 = Debug|Any CPU
		{DDA44F55-25C0-47BE-8B17-2EC773E44634}.Release|Any CPU.ActiveCfg = Release|Any CPU
		{DDA44F55-25C0-47BE-8B17-2EC773E44634}.Release|Any CPU.Build.0 = Release|Any CPU
		{EBE3658C-9A9A-4C70-8D5B-76189C01A960}.Debug|Any CPU.ActiveCfg = Debug|Any CPU
		{EBE3658C-9A9A-4C70-8D5B-76189C01A960}.Debug|Any CPU.Build.0 = Debug|Any CPU
		{EBE3658C-9A9A-4C70-8D5B-76189C01A960}.Release|Any CPU.ActiveCfg = Release|Any CPU
		{EBE3658C-9A9A-4C70-8D5B-76189C01A960}.Release|Any CPU.Build.0 = Release|Any CPU
	EndGlobalSection
	GlobalSection(SolutionProperties) = preSolution
		HideSolutionNode = FALSE
	EndGlobalSection
	GlobalSection(ExtensibilityGlobals) = postSolution
		SolutionGuid = {C35BEB4E-4278-4451-8A37-E57E02FBE878}
	EndGlobalSection
EndGlobal
